
Microsoft Visual Studio Solution File, Format Version 12.00
# Visual Studio Version 16
VisualStudioVersion = 16.0.30309.148
MinimumVisualStudioVersion = 10.0.40219.1
Project("{FAE04EC0-301F-11D3-BF4B-00C04F79EFBC}") = "IdentityUI.Sample.Sms", "IdentityUI.Sample.Sms.csproj", "{07C19729-1017-4040-9219-F59BCED3750E}"
EndProject
Global
	GlobalSection(SolutionConfigurationPlatforms) = preSolution
		Debug|Any CPU = Debug|Any CPU
		Release|Any CPU = Release|Any CPU
	EndGlobalSection
	GlobalSection(ProjectConfigurationPlatforms) = postSolution
		{07C19729-1017-4040-9219-F59BCED3750E}.Debug|Any CPU.ActiveCfg = Debug|Any CPU
		{07C19729-1017-4040-9219-F59BCED3750E}.Debug|Any CPU.Build.0 = Debug|Any CPU
		{07C19729-1017-4040-9219-F59BCED3750E}.Release|Any CPU.ActiveCfg = Release|Any CPU
		{07C19729-1017-4040-9219-F59BCED3750E}.Release|Any CPU.Build.0 = Release|Any CPU
	EndGlobalSection
	GlobalSection(SolutionProperties) = preSolution
		HideSolutionNode = FALSE
	EndGlobalSection
	GlobalSection(ExtensibilityGlobals) = postSolution
		SolutionGuid = {94EE1D0B-8EEA-4BB2-8B2A-CB6A00063A56}
	EndGlobalSection
EndGlobal
